
Microsoft Visual Studio Solution File, Format Version 12.00
# Visual Studio 2013
VisualStudioVersion = 12.0.30501.0
MinimumVisualStudioVersion = 10.0.40219.1
Project("{FAE04EC0-301F-11D3-BF4B-00C04F79EFBC}") = "BLR.Web.TwitterHelper", "BLR.Web.TwitterHelper\BLR.Web.TwitterHelper.csproj", "{0599C232-223E-47CE-AD09-3BC17E232AD5}"
EndProject
Project("{2150E333-8FDC-42A3-9474-1A3956D46DE8}") = "Dependencies", "Dependencies", "{C6D130A3-B3E7-4074-99BB-4B2CD1AEF440}"
	ProjectSection(SolutionItems) = preProject
		Dependencies\LinqToTwitter.AspNet.dll = Dependencies\LinqToTwitter.AspNet.dll
		Dependencies\LinqToTwitterPcl.dll = Dependencies\LinqToTwitterPcl.dll
	EndProjectSection
EndProject
Project("{FAE04EC0-301F-11D3-BF4B-00C04F79EFBC}") = "BLR.WebAPI", "BLR.WebAPI\BLR.WebAPI.csproj", "{121E74BD-7603-431C-BC40-6ADC00ECB70D}"
EndProject
Project("{FAE04EC0-301F-11D3-BF4B-00C04F79EFBC}") = "BLR.Configuration", "BLR.Configuration\BLR.Configuration.csproj", "{1312B886-2A0C-494F-9E14-BE7A02DFCD83}"
EndProject
Global
	GlobalSection(SolutionConfigurationPlatforms) = preSolution
		Debug|Any CPU = Debug|Any CPU
		Release|Any CPU = Release|Any CPU
	EndGlobalSection
	GlobalSection(ProjectConfigurationPlatforms) = postSolution
		{0599C232-223E-47CE-AD09-3BC17E232AD5}.Debug|Any CPU.ActiveCfg = Debug|Any CPU
		{0599C232-223E-47CE-AD09-3BC17E232AD5}.Debug|Any CPU.Build.0 = Debug|Any CPU
		{0599C232-223E-47CE-AD09-3BC17E232AD5}.Release|Any CPU.ActiveCfg = Release|Any CPU
		{0599C232-223E-47CE-AD09-3BC17E232AD5}.Release|Any CPU.Build.0 = Release|Any CPU
		{121E74BD-7603-431C-BC40-6ADC00ECB70D}.Debug|Any CPU.ActiveCfg = Debug|Any CPU
		{121E74BD-7603-431C-BC40-6ADC00ECB70D}.Debug|Any CPU.Build.0 = Debug|Any CPU
		{121E74BD-7603-431C-BC40-6ADC00ECB70D}.Release|Any CPU.ActiveCfg = Release|Any CPU
		{121E74BD-7603-431C-BC40-6ADC00ECB70D}.Release|Any CPU.Build.0 = Release|Any CPU
		{1312B886-2A0C-494F-9E14-BE7A02DFCD83}.Debug|Any CPU.ActiveCfg = Debug|Any CPU
		{1312B886-2A0C-494F-9E14-BE7A02DFCD83}.Debug|Any CPU.Build.0 = Debug|Any CPU
		{1312B886-2A0C-494F-9E14-BE7A02DFCD83}.Release|Any CPU.ActiveCfg = Release|Any CPU
		{1312B886-2A0C-494F-9E14-BE7A02DFCD83}.Release|Any CPU.Build.0 = Release|Any CPU
	EndGlobalSection
	GlobalSection(SolutionProperties) = preSolution
		HideSolutionNode = FALSE
	EndGlobalSection
EndGlobal
